
Microsoft Visual Studio Solution File, Format Version 12.00
# Visual Studio Version 17
VisualStudioVersion = 17.11.35208.52
MinimumVisualStudioVersion = 10.0.40219.1
Project("{FAE04EC0-301F-11D3-BF4B-00C04F79EFBC}") = "DotnetRoomReservation", "DotnetRoomReservation\DotnetRoomReservation.csproj", "{3368E8BD-2586-4B80-B298-676529930EBA}"
EndProject
Global
	GlobalSection(SolutionConfigurationPlatforms) = preSolution
		Debug|Any CPU = Debug|Any CPU
		Release|Any CPU = Release|Any CPU
	EndGlobalSection
	GlobalSection(ProjectConfigurationPlatforms) = postSolution
		{3368E8BD-2586-4B80-B298-676529930EBA}.Debug|Any CPU.ActiveCfg = Debug|Any CPU
		{3368E8BD-2586-4B80-B298-676529930EBA}.Debug|Any CPU.Build.0 = Debug|Any CPU
		{3368E8BD-2586-4B80-B298-676529930EBA}.Release|Any CPU.ActiveCfg = Release|Any CPU
		{3368E8BD-2586-4B80-B298-676529930EBA}.Release|Any CPU.Build.0 = Release|Any CPU
	EndGlobalSection
	GlobalSection(SolutionProperties) = preSolution
		HideSolutionNode = FALSE
	EndGlobalSection
	GlobalSection(ExtensibilityGlobals) = postSolution
		SolutionGuid = {8A974496-5586-43EF-AAB2-2BD7CF032FA5}
	EndGlobalSection
EndGlobal
